
Microsoft Visual Studio Solution File, Format Version 12.00
# Visual Studio Version 16
VisualStudioVersion = 16.0.31112.23
MinimumVisualStudioVersion = 10.0.40219.1
Project("{FAE04EC0-301F-11D3-BF4B-00C04F79EFBC}") = "GarageLogic", "Ex03.GarageLogic\GarageLogic.csproj", "{9A02B383-88AC-4870-8ED0-AAF4F0E70058}"
EndProject
Project("{FAE04EC0-301F-11D3-BF4B-00C04F79EFBC}") = "ConsoleUI", "Ex03.ConsoleUI\ConsoleUI.csproj", "{96DFA0E3-C37B-4FA3-A1E7-EC1E9B91D66A}"
EndProject
Project("{2150E333-8FDC-42A3-9474-1A3956D46DE8}") = "Solution Items", "Solution Items", "{A820FF96-871B-4D50-BDAC-7598B2CF45E0}"
EndProject
Global
	GlobalSection(SolutionConfigurationPlatforms) = preSolution
		Debug|Any CPU = Debug|Any CPU
		Release|Any CPU = Release|Any CPU
	EndGlobalSection
	GlobalSection(ProjectConfigurationPlatforms) = postSolution
		{9A02B383-88AC-4870-8ED0-AAF4F0E70058}.Debug|Any CPU.ActiveCfg = Debug|Any CPU
		{9A02B383-88AC-4870-8ED0-AAF4F0E70058}.Debug|Any CPU.Build.0 = Debug|Any CPU
		{9A02B383-88AC-4870-8ED0-AAF4F0E70058}.Release|Any CPU.ActiveCfg = Release|Any CPU
		{9A02B383-88AC-4870-8ED0-AAF4F0E70058}.Release|Any CPU.Build.0 = Release|Any CPU
		{96DFA0E3-C37B-4FA3-A1E7-EC1E9B91D66A}.Debug|Any CPU.ActiveCfg = Debug|Any CPU
		{96DFA0E3-C37B-4FA3-A1E7-EC1E9B91D66A}.Debug|Any CPU.Build.0 = Debug|Any CPU
		{96DFA0E3-C37B-4FA3-A1E7-EC1E9B91D66A}.Release|Any CPU.ActiveCfg = Release|Any CPU
		{96DFA0E3-C37B-4FA3-A1E7-EC1E9B91D66A}.Release|Any CPU.Build.0 = Release|Any CPU
	EndGlobalSection
	GlobalSection(SolutionProperties) = preSolution
		HideSolutionNode = FALSE
	EndGlobalSection
	GlobalSection(ExtensibilityGlobals) = postSolution
		SolutionGuid = {72D2C923-4CAB-4B79-AFAE-501BE044061F}
	EndGlobalSection
EndGlobal
